# THIS IS AN AUTOGENERATED FILE. DO NOT EDIT THIS FILE DIRECTLY.
# yarn lockfile v1


"@kurkle/color@^0.3.0":
  version "0.3.1"
  resolved "https://registry.yarnpkg.com/@kurkle/color/-/color-0.3.1.tgz#ef72bc8022ccf77cdd2715097f062ee591ec145c"
  integrity sha512-hW0GwZj06z/ZFUW2Espl7toVDjghJN+EKqyXzPSV8NV89d5BYp5rRMBJoc+aUN0x5OXDMeRQHazejr2Xmqj2tw==

chart.js@^4.1.1:
  version "4.1.1"
  resolved "https://registry.yarnpkg.com/chart.js/-/chart.js-4.1.1.tgz#9bd96ddaa444205ec55dd103f713f65530e9a2df"
  integrity sha512-P0pCosNXp+LR8zO/QTkZKT6Hb7p0DPFtypEeVOf+6x06hX13NIb75R0DXUA4Ksx/+48chDQKtCCmRCviQRTqsA==
  dependencies:
    "@kurkle/color" "^0.3.0"

react-chartjs-2@^5.1.0:
  version "5.1.0"
  resolved "https://registry.yarnpkg.com/react-chartjs-2/-/react-chartjs-2-5.1.0.tgz#8179f8120518c86c644f9d46aee537de7ac3449a"
  integrity sha512-Gt76b7+p7nMQq0MvkWfUSNAzIm/TLAnAO32zIpSzrQyc9JWRbVCtq8qOzPJmfpDzPcIJ7Y9Gp5g+VdTRrGITsQ==
